// !$*UTF8*$!
{
	archiveVersion = 1;
	classes = {
	};
	objectVersion = 52;
	objects = {

/* Begin PBXBuildFile section */
		92BEE3BA24F3F9F100980A8A /* CoreMedia.framework in Frameworks */ = {isa = PBXBuildFile; fileRef = 92BEE3B724F3F9E400980A8A /* CoreMedia.framework */; };
		92BEE3BB24F3F9F400980A8A /* AVFoundation.framework in Frameworks */ = {isa = PBXBuildFile; fileRef = 92BEE3B924F3F9E400980A8A /* AVFoundation.framework */; };
		92BEE3BC24F3F9F600980A8A /* CoreMediaIO.framework in Frameworks */ = {isa = PBXBuildFile; fileRef = 92BEE3B824F3F9E400980A8A /* CoreMediaIO.framework */; };
		C906028E253DDA1300DC53B0 /* videosnap.1 in Copy Files */ = {isa = PBXBuildFile; fileRef = C96492FD17C0FD8F005C11A4 /* videosnap.1 */; settings = {ATTRIBUTES = (CodeSignOnCopy, ); }; };
		C946641D1D327B840081A87B /* Constants.m in Sources */ = {isa = PBXBuildFile; fileRef = C946641C1D327B840081A87B /* Constants.m */; };
		C94664201D3283490081A87B /* main.m in Sources */ = {isa = PBXBuildFile; fileRef = C946641F1D3283490081A87B /* main.m */; };
		C96492FC17C0FD8F005C11A4 /* VideoSnap.m in Sources */ = {isa = PBXBuildFile; fileRef = C96492FB17C0FD8F005C11A4 /* VideoSnap.m */; };
/* End PBXBuildFile section */

/* Begin PBXCopyFilesBuildPhase section */
		C96492F617C0FD8F005C11A4 /* Copy Files */ = {
			isa = PBXCopyFilesBuildPhase;
			buildActionMask = 8;
			dstPath = usr/local/share/man/man1;
			dstSubfolderSpec = 7;
			files = (
				C906028E253DDA1300DC53B0 /* videosnap.1 in Copy Files */,
			);
			name = "Copy Files";
			runOnlyForDeploymentPostprocessing = 1;
		};
/* End PBXCopyFilesBuildPhase section */

/* Begin PBXFileReference section */
		92BAECEE24F3D0FE00C1EA5B /* Info.plist */ = {isa = PBXFileReference; fileEncoding = 4; lastKnownFileType = text.plist.xml; path = Info.plist; sourceTree = "<group>"; };
		92BEE3B724F3F9E400980A8A /* CoreMedia.framework */ = {isa = PBXFileReference; lastKnownFileType = wrapper.framework; name = CoreMedia.framework; path = System/Library/Frameworks/CoreMedia.framework; sourceTree = SDKROOT; };
		92BEE3B824F3F9E400980A8A /* CoreMediaIO.framework */ = {isa = PBXFileReference; lastKnownFileType = wrapper.framework; name = CoreMediaIO.framework; path = System/Library/Frameworks/CoreMediaIO.framework; sourceTree = SDKROOT; };
		92BEE3B924F3F9E400980A8A /* AVFoundation.framework */ = {isa = PBXFileReference; lastKnownFileType = wrapper.framework; name = AVFoundation.framework; path = System/Library/Frameworks/AVFoundation.framework; sourceTree = SDKROOT; };
		C906028F253DDD2000DC53B0 /* buildCleanPkgAndNotarize.sh */ = {isa = PBXFileReference; fileEncoding = 4; lastKnownFileType = text.script.sh; path = buildCleanPkgAndNotarize.sh; sourceTree = SOURCE_ROOT; };
		C946641C1D327B840081A87B /* Constants.m */ = {isa = PBXFileReference; fileEncoding = 4; lastKnownFileType = sourcecode.c.objc; path = Constants.m; sourceTree = "<group>"; };
		C946641E1D327BA50081A87B /* Constants.h */ = {isa = PBXFileReference; fileEncoding = 4; lastKnownFileType = sourcecode.c.h; path = Constants.h; sourceTree = "<group>"; };
		C946641F1D3283490081A87B /* main.m */ = {isa = PBXFileReference; fileEncoding = 4; lastKnownFileType = sourcecode.c.objc; path = main.m; sourceTree = "<group>"; };
		C96492F817C0FD8F005C11A4 /* videosnap */ = {isa = PBXFileReference; explicitFileType = "compiled.mach-o.executable"; includeInIndex = 0; path = videosnap; sourceTree = BUILT_PRODUCTS_DIR; };
		C96492FB17C0FD8F005C11A4 /* VideoSnap.m */ = {isa = PBXFileReference; lastKnownFileType = sourcecode.c.objc; path = VideoSnap.m; sourceTree = "<group>"; };
		C96492FD17C0FD8F005C11A4 /* videosnap.1 */ = {isa = PBXFileReference; explicitFileType = text.man; name = videosnap.1; path = videosnap/videosnap.1; sourceTree = SOURCE_ROOT; };
		C964930417C10194005C11A4 /* VideoSnap.h */ = {isa = PBXFileReference; fileEncoding = 4; lastKnownFileType = sourcecode.c.h; path = VideoSnap.h; sourceTree = "<group>"; };
/* End PBXFileReference section */

/* Begin PBXFrameworksBuildPhase section */
		C96492F517C0FD8F005C11A4 /* Frameworks */ = {
			isa = PBXFrameworksBuildPhase;
			buildActionMask = 2147483647;
			files = (
				92BEE3BB24F3F9F400980A8A /* AVFoundation.framework in Frameworks */,
				92BEE3BC24F3F9F600980A8A /* CoreMediaIO.framework in Frameworks */,
				92BEE3BA24F3F9F100980A8A /* CoreMedia.framework in Frameworks */,
			);
			runOnlyForDeploymentPostprocessing = 0;
		};
/* End PBXFrameworksBuildPhase section */

/* Begin PBXGroup section */
		C96492EF17C0FD8F005C11A4 = {
			isa = PBXGroup;
			children = (
				92BEE3B724F3F9E400980A8A /* CoreMedia.framework */,
				92BEE3B924F3F9E400980A8A /* AVFoundation.framework */,
				92BEE3B824F3F9E400980A8A /* CoreMediaIO.framework */,
				C96492FA17C0FD8F005C11A4 /* videosnap */,
				C96492F917C0FD8F005C11A4 /* Products */,
			);
			sourceTree = "<group>";
		};
		C96492F917C0FD8F005C11A4 /* Products */ = {
			isa = PBXGroup;
			children = (
				C96492F817C0FD8F005C11A4 /* videosnap */,
			);
			name = Products;
			sourceTree = "<group>";
		};
		C96492FA17C0FD8F005C11A4 /* videosnap */ = {
			isa = PBXGroup;
			children = (
				C906028F253DDD2000DC53B0 /* buildCleanPkgAndNotarize.sh */,
				92BAECEE24F3D0FE00C1EA5B /* Info.plist */,
				C96492FD17C0FD8F005C11A4 /* videosnap.1 */,
				C964930417C10194005C11A4 /* VideoSnap.h */,
				C96492FB17C0FD8F005C11A4 /* VideoSnap.m */,
				C946641C1D327B840081A87B /* Constants.m */,
				C946641E1D327BA50081A87B /* Constants.h */,
				C946641F1D3283490081A87B /* main.m */,
			);
			path = videosnap;
			sourceTree = "<group>";
		};
/* End PBXGroup section */

/* Begin PBXNativeTarget section */
		C96492F717C0FD8F005C11A4 /* videosnap */ = {
			isa = PBXNativeTarget;
			buildConfigurationList = C964930117C0FD8F005C11A4 /* Build configuration list for PBXNativeTarget "videosnap" */;
			buildPhases = (
				C96492F417C0FD8F005C11A4 /* Sources */,
				C96492F517C0FD8F005C11A4 /* Frameworks */,
				C96492F617C0FD8F005C11A4 /* Copy Files */,
			);
			buildRules = (
			);
			dependencies = (
			);
			name = videosnap;
			productName = videosnap;
			productReference = C96492F817C0FD8F005C11A4 /* videosnap */;
			productType = "com.apple.product-type.tool";
		};
/* End PBXNativeTarget section */

/* Begin PBXProject section */
		C96492F017C0FD8F005C11A4 /* Project object */ = {
			isa = PBXProject;
			attributes = {
				LastUpgradeCheck = 1110;
				ORGANIZATIONNAME = "Matthew Hutchinson";
			};
			buildConfigurationList = C96492F317C0FD8F005C11A4 /* Build configuration list for PBXProject "videosnap" */;
			compatibilityVersion = "Xcode 11.0";
			developmentRegion = en;
			hasScannedForEncodings = 0;
			knownRegions = (
				en,
				Base,
			);
			mainGroup = C96492EF17C0FD8F005C11A4;
			productRefGroup = C96492F917C0FD8F005C11A4 /* Products */;
			projectDirPath = "";
			projectRoot = "";
			targets = (
				C96492F717C0FD8F005C11A4 /* videosnap */,
			);
		};
/* End PBXProject section */

/* Begin PBXSourcesBuildPhase section */
		C96492F417C0FD8F005C11A4 /* Sources */ = {
			isa = PBXSourcesBuildPhase;
			buildActionMask = 2147483647;
			files = (
				C96492FC17C0FD8F005C11A4 /* VideoSnap.m in Sources */,
				C946641D1D327B840081A87B /* Constants.m in Sources */,
				C94664201D3283490081A87B /* main.m in Sources */,
			);
			runOnlyForDeploymentPostprocessing = 0;
		};
/* End PBXSourcesBuildPhase section */

/* Begin XCBuildConfiguration section */
		C96492FF17C0FD8F005C11A4 /* Debug */ = {
			isa = XCBuildConfiguration;
			buildSettings = {
				ALWAYS_SEARCH_USER_PATHS = NO;
				CLANG_ANALYZER_LOCALIZABILITY_NONLOCALIZED = YES;
				CLANG_CXX_LANGUAGE_STANDARD = "gnu++0x";
				CLANG_CXX_LIBRARY = "libc++";
				CLANG_ENABLE_OBJC_ARC = YES;
				CLANG_WARN_BLOCK_CAPTURE_AUTORELEASING = YES;
				CLANG_WARN_BOOL_CONVERSION = YES;
				CLANG_WARN_COMMA = YES;
				CLANG_WARN_CONSTANT_CONVERSION = YES;
				CLANG_WARN_DEPRECATED_OBJC_IMPLEMENTATIONS = YES;
				CLANG_WARN_EMPTY_BODY = YES;
				CLANG_WARN_ENUM_CONVERSION = YES;
				CLANG_WARN_INFINITE_RECURSION = YES;
				CLANG_WARN_INT_CONVERSION = YES;
				CLANG_WARN_NON_LITERAL_NULL_CONVERSION = YES;
				CLANG_WARN_OBJC_IMPLICIT_RETAIN_SELF = YES;
				CLANG_WARN_OBJC_LITERAL_CONVERSION = YES;
				CLANG_WARN_RANGE_LOOP_ANALYSIS = YES;
				CLANG_WARN_STRICT_PROTOTYPES = YES;
				CLANG_WARN_SUSPICIOUS_MOVE = YES;
				CLANG_WARN_UNREACHABLE_CODE = YES;
				CLANG_WARN__DUPLICATE_METHOD_MATCH = YES;
				CODE_SIGN_IDENTITY = "-";
				COPY_PHASE_STRIP = YES;
				CREATE_INFOPLIST_SECTION_IN_BINARY = YES;
				DONT_GENERATE_INFOPLIST_FILE = NO;
				ENABLE_ON_DEMAND_RESOURCES = NO;
				ENABLE_STRICT_OBJC_MSGSEND = YES;
				ENABLE_TESTABILITY = YES;
				GCC_C_LANGUAGE_STANDARD = gnu99;
				GCC_DYNAMIC_NO_PIC = NO;
				GCC_ENABLE_OBJC_EXCEPTIONS = YES;
				GCC_INCREASE_PRECOMPILED_HEADER_SHARING = YES;
				GCC_INPUT_FILETYPE = automatic;
				GCC_NO_COMMON_BLOCKS = YES;
				GCC_OPTIMIZATION_LEVEL = 0;
				GCC_PRECOMPILE_PREFIX_HEADER = NO;
				GCC_PREPROCESSOR_DEFINITIONS = (
					"DEBUG=1",
					"$(inherited)",
				);
				GCC_SYMBOLS_PRIVATE_EXTERN = NO;
				GCC_WARN_64_TO_32_BIT_CONVERSION = YES;
				GCC_WARN_ABOUT_RETURN_TYPE = YES;
				GCC_WARN_UNDECLARED_SELECTOR = YES;
				GCC_WARN_UNINITIALIZED_AUTOS = YES;
				GCC_WARN_UNUSED_FUNCTION = YES;
				GCC_WARN_UNUSED_VARIABLE = YES;
				GENERATE_PKGINFO_FILE = NO;
				INFOPLIST_EXPAND_BUILD_SETTINGS = NO;
				INFOPLIST_FILE = videosnap/Info.plist;
				INFOPLIST_PREPROCESS = NO;
				"INSTALL_PATH[sdk=*]" = /usr/local/bin;
				MACOSX_DEPLOYMENT_TARGET = 10.7;
				MARKETING_VERSION = 0.0.4;
				ONLY_ACTIVE_ARCH = YES;
				"OTHER_CODE_SIGN_FLAGS[sdk=*]" = "";
				OTHER_LDFLAGS = (
					"-sectcreate",
					__TEXT,
					__info_plist,
					"$(INFOPLIST_FILE)",
				);
				PRODUCT_BUNDLE_IDENTIFIER = com.hiddenloop.videosnap;
				PRODUCT_NAME = videosnap;
				SDKROOT = macosx;
			};
			name = Debug;
		};
		C964930017C0FD8F005C11A4 /* Release */ = {
			isa = XCBuildConfiguration;
			buildSettings = {
				ALWAYS_SEARCH_USER_PATHS = NO;
				CLANG_ANALYZER_LOCALIZABILITY_NONLOCALIZED = YES;
				CLANG_CXX_LANGUAGE_STANDARD = "gnu++0x";
				CLANG_CXX_LIBRARY = "libc++";
				CLANG_ENABLE_OBJC_ARC = YES;
				CLANG_WARN_BLOCK_CAPTURE_AUTORELEASING = YES;
				CLANG_WARN_BOOL_CONVERSION = YES;
				CLANG_WARN_COMMA = YES;
				CLANG_WARN_CONSTANT_CONVERSION = YES;
				CLANG_WARN_DEPRECATED_OBJC_IMPLEMENTATIONS = YES;
				CLANG_WARN_EMPTY_BODY = YES;
				CLANG_WARN_ENUM_CONVERSION = YES;
				CLANG_WARN_INFINITE_RECURSION = YES;
				CLANG_WARN_INT_CONVERSION = YES;
				CLANG_WARN_NON_LITERAL_NULL_CONVERSION = YES;
				CLANG_WARN_OBJC_IMPLICIT_RETAIN_SELF = YES;
				CLANG_WARN_OBJC_LITERAL_CONVERSION = YES;
				CLANG_WARN_RANGE_LOOP_ANALYSIS = YES;
				CLANG_WARN_STRICT_PROTOTYPES = YES;
				CLANG_WARN_SUSPICIOUS_MOVE = YES;
				CLANG_WARN_UNREACHABLE_CODE = YES;
				CLANG_WARN__DUPLICATE_METHOD_MATCH = YES;
				CODE_SIGN_IDENTITY = "-";
				COPY_PHASE_STRIP = YES;
				CREATE_INFOPLIST_SECTION_IN_BINARY = YES;
				DEBUG_INFORMATION_FORMAT = "dwarf-with-dsym";
				DONT_GENERATE_INFOPLIST_FILE = NO;
				ENABLE_ON_DEMAND_RESOURCES = NO;
				ENABLE_STRICT_OBJC_MSGSEND = YES;
				GCC_C_LANGUAGE_STANDARD = gnu99;
				GCC_ENABLE_OBJC_EXCEPTIONS = YES;
				GCC_INCREASE_PRECOMPILED_HEADER_SHARING = YES;
				GCC_INPUT_FILETYPE = automatic;
				GCC_NO_COMMON_BLOCKS = YES;
				GCC_PRECOMPILE_PREFIX_HEADER = NO;
				GCC_WARN_64_TO_32_BIT_CONVERSION = YES;
				GCC_WARN_ABOUT_RETURN_TYPE = YES;
				GCC_WARN_UNDECLARED_SELECTOR = YES;
				GCC_WARN_UNINITIALIZED_AUTOS = YES;
				GCC_WARN_UNUSED_FUNCTION = YES;
				GCC_WARN_UNUSED_VARIABLE = YES;
				GENERATE_PKGINFO_FILE = NO;
				INFOPLIST_EXPAND_BUILD_SETTINGS = NO;
				INFOPLIST_FILE = videosnap/Info.plist;
				INFOPLIST_PREPROCESS = NO;
				"INSTALL_PATH[sdk=*]" = /usr/local/bin;
				MACOSX_DEPLOYMENT_TARGET = 10.7;
				MARKETING_VERSION = 0.0.4;
				ONLY_ACTIVE_ARCH = NO;
				OTHER_LDFLAGS = (
					"-sectcreate",
					__TEXT,
					__info_plist,
					"$(INFOPLIST_FILE)",
				);
				PRODUCT_BUNDLE_IDENTIFIER = com.hiddenloop.videosnap;
				PRODUCT_NAME = videosnap;
				SDKROOT = macosx;
			};
			name = Release;
		};
		C964930217C0FD8F005C11A4 /* Debug */ = {
			isa = XCBuildConfiguration;
			buildSettings = {
				CLANG_ENABLE_OBJC_ARC = YES;
				CODE_SIGN_IDENTITY = "Developer ID Application";
				CODE_SIGN_STYLE = Manual;
				DEVELOPMENT_TEAM = 8VF6UH3LYN;
				DSTROOT = $SRCROOT/build/pkgroot;
				ENABLE_HARDENED_RUNTIME = YES;
				MARKETING_VERSION = 0.0.6;
				PROVISIONING_PROFILE_SPECIFIER = "";
			};
			name = Debug;
		};
		C964930317C0FD8F005C11A4 /* Release */ = {
			isa = XCBuildConfiguration;
			buildSettings = {
				CLANG_ENABLE_OBJC_ARC = YES;
				CODE_SIGN_IDENTITY = "Developer ID Application";
				CODE_SIGN_STYLE = Manual;
				DEVELOPMENT_TEAM = 8VF6UH3LYN;
				DSTROOT = $SRCROOT/build/pkgroot;
				ENABLE_HARDENED_RUNTIME = YES;
				MARKETING_VERSION = 0.0.6;
				PROVISIONING_PROFILE_SPECIFIER = "";
			};
			name = Release;
		};
/* End XCBuildConfiguration section */

/* Begin XCConfigurationList section */
		C96492F317C0FD8F005C11A4 /* Build configuration list for PBXProject "videosnap" */ = {
			isa = XCConfigurationList;
			buildConfigurations = (
				C96492FF17C0FD8F005C11A4 /* Debug */,
				C964930017C0FD8F005C11A4 /* Release */,
			);
			defaultConfigurationIsVisible = 0;
			defaultConfigurationName = Debug;
		};
		C964930117C0FD8F005C11A4 /* Build configuration list for PBXNativeTarget "videosnap" */ = {
			isa = XCConfigurationList;
			buildConfigurations = (
				C964930217C0FD8F005C11A4 /* Debug */,
				C964930317C0FD8F005C11A4 /* Release */,
			);
			defaultConfigurationIsVisible = 0;
			defaultConfigurationName = Debug;
		};
/* End XCConfigurationList section */
	};
	rootObject = C96492F017C0FD8F005C11A4 /* Project object */;
}
